// !$*UTF8*$!
{
	archiveVersion = 1;
	classes = {
	};
	objectVersion = 50;
	objects = {

/* Begin PBXBuildFile section */
		1D819B083400074BE5D481C8 /* Pods_TeamGenerator.framework in Frameworks */ = {isa = PBXBuildFile; fileRef = D095923560AF4683AEF2FCFB /* Pods_TeamGenerator.framework */; };
		7D591F818AD273951905F765 /* Pods_TeamGenerator_TeamGeneratorUITests.framework in Frameworks */ = {isa = PBXBuildFile; fileRef = CC99C1AA3792690C6C8932A3 /* Pods_TeamGenerator_TeamGeneratorUITests.framework */; };
		946C48382194417C00BFCED9 /* PlayerListViewController+UITableViewDataSource.swift in Sources */ = {isa = PBXBuildFile; fileRef = 946C48372194417C00BFCED9 /* PlayerListViewController+UITableViewDataSource.swift */; };
		949FF18C219991E60078C88F /* UIView+Loadable.swift in Sources */ = {isa = PBXBuildFile; fileRef = 949FF18B219991E60078C88F /* UIView+Loadable.swift */; };
		949FF18E2199924E0078C88F /* UIView+Constraints.swift in Sources */ = {isa = PBXBuildFile; fileRef = 949FF18D2199924E0078C88F /* UIView+Constraints.swift */; };
		94C87F42219DBC3E006017D8 /* TeamsViewController.swift in Sources */ = {isa = PBXBuildFile; fileRef = 94C87F40219DBC3E006017D8 /* TeamsViewController.swift */; };
		94C87F43219DBC3E006017D8 /* TeamsViewController.xib in Resources */ = {isa = PBXBuildFile; fileRef = 94C87F41219DBC3E006017D8 /* TeamsViewController.xib */; };
		94CD8D5A219AD330004EF60C /* ClassificationViewController.swift in Sources */ = {isa = PBXBuildFile; fileRef = 94CD8D58219AD330004EF60C /* ClassificationViewController.swift */; };
		94CD8D5B219AD330004EF60C /* ClassificationViewController.xib in Resources */ = {isa = PBXBuildFile; fileRef = 94CD8D59219AD330004EF60C /* ClassificationViewController.xib */; };
		94CD8D5E219AEA96004EF60C /* Players.swift in Sources */ = {isa = PBXBuildFile; fileRef = 94CD8D5D219AEA96004EF60C /* Players.swift */; };
		94CD8D61219AEF1E004EF60C /* ClassificationViewModel.swift in Sources */ = {isa = PBXBuildFile; fileRef = 94CD8D60219AEF1E004EF60C /* ClassificationViewModel.swift */; };
		94CD8D63219AEFB2004EF60C /* ClassificationPlayerViewModel.swift in Sources */ = {isa = PBXBuildFile; fileRef = 94CD8D62219AEFB2004EF60C /* ClassificationPlayerViewModel.swift */; };
		94CD8D65219AF174004EF60C /* ClassificationViewController+UITableViewDataSource.swift in Sources */ = {isa = PBXBuildFile; fileRef = 94CD8D64219AF174004EF60C /* ClassificationViewController+UITableViewDataSource.swift */; };
		94CD8D68219AF196004EF60C /* ClassificationTableViewCell.swift in Sources */ = {isa = PBXBuildFile; fileRef = 94CD8D66219AF196004EF60C /* ClassificationTableViewCell.swift */; };
		94CD8D69219AF196004EF60C /* ClassificationTableViewCell.xib in Resources */ = {isa = PBXBuildFile; fileRef = 94CD8D67219AF196004EF60C /* ClassificationTableViewCell.xib */; };
		94CD8D6D219B2054004EF60C /* ClassificationPlayerViewModelUnitTests.swift in Sources */ = {isa = PBXBuildFile; fileRef = 94CD8D6C219B2054004EF60C /* ClassificationPlayerViewModelUnitTests.swift */; };
		94CD8D71219B31BB004EF60C /* DatabasePlayerLibraryUnitTests.swift in Sources */ = {isa = PBXBuildFile; fileRef = 94CD8D70219B31BB004EF60C /* DatabasePlayerLibraryUnitTests.swift */; };
		94E474882195CCAE002C76D4 /* PlayerDetailsViewController.swift in Sources */ = {isa = PBXBuildFile; fileRef = 94E474862195CCAE002C76D4 /* PlayerDetailsViewController.swift */; };
		94E474892195CCAE002C76D4 /* PlayerDetailsViewController.xib in Resources */ = {isa = PBXBuildFile; fileRef = 94E474872195CCAE002C76D4 /* PlayerDetailsViewController.xib */; };
		94E4748D2195D648002C76D4 /* PlayerListViewController+UITableViewDelegate.swift in Sources */ = {isa = PBXBuildFile; fileRef = 94E4748C2195D648002C76D4 /* PlayerListViewController+UITableViewDelegate.swift */; };
		94E4748F2195E473002C76D4 /* PlayerDetailView.xib in Resources */ = {isa = PBXBuildFile; fileRef = 94E4748E2195E473002C76D4 /* PlayerDetailView.xib */; };
		94E474912195E47D002C76D4 /* PlayerDetailView.swift in Sources */ = {isa = PBXBuildFile; fileRef = 94E474902195E47D002C76D4 /* PlayerDetailView.swift */; };
		A3A8CA6C4DD3EE5EA13A4AE5 /* Pods_TeamGenerator_TeamGeneratorTests.framework in Frameworks */ = {isa = PBXBuildFile; fileRef = 37EC5E26454619DEB83DA54B /* Pods_TeamGenerator_TeamGeneratorTests.framework */; };
		B51941D42141CAA000FD569F /* GoogleService-Info.plist in Resources */ = {isa = PBXBuildFile; fileRef = B51941D32141CAA000FD569F /* GoogleService-Info.plist */; };
		B51941EA2141D44600FD569F /* PlayerListViewController.swift in Sources */ = {isa = PBXBuildFile; fileRef = B51941E82141D44600FD569F /* PlayerListViewController.swift */; };
		B51941EB2141D44600FD569F /* PlayerListViewController.xib in Resources */ = {isa = PBXBuildFile; fileRef = B51941E92141D44600FD569F /* PlayerListViewController.xib */; };
		B51941F42141D4D500FD569F /* Player.swift in Sources */ = {isa = PBXBuildFile; fileRef = B51941F32141D4D500FD569F /* Player.swift */; };
		B52146382143C773005BC2FE /* PlayerViewModel.swift in Sources */ = {isa = PBXBuildFile; fileRef = B52146372143C773005BC2FE /* PlayerViewModel.swift */; };
		B521463A2143D099005BC2FE /* PlayerListViewModel.swift in Sources */ = {isa = PBXBuildFile; fileRef = B52146392143D099005BC2FE /* PlayerListViewModel.swift */; };
		B525DD2F2151A6AA001CF6AF /* PlayerListViewModelUnitTests.swift in Sources */ = {isa = PBXBuildFile; fileRef = B525DD2E2151A6AA001CF6AF /* PlayerListViewModelUnitTests.swift */; };
		B53B748221430F2A001F304E /* Dynamic.swift in Sources */ = {isa = PBXBuildFile; fileRef = B53B748121430F2A001F304E /* Dynamic.swift */; };
		B53B7489214310D4001F304E /* JSONEncoder+ISODate.swift in Sources */ = {isa = PBXBuildFile; fileRef = B53B7487214310D4001F304E /* JSONEncoder+ISODate.swift */; };
		B53B748A214310D4001F304E /* JSONDecoder+ISODate.swift in Sources */ = {isa = PBXBuildFile; fileRef = B53B7488214310D4001F304E /* JSONDecoder+ISODate.swift */; };
		B53B748C21431171001F304E /* PlayerLibrary.swift in Sources */ = {isa = PBXBuildFile; fileRef = B53B748B21431171001F304E /* PlayerLibrary.swift */; };
		B53B748E214311E2001F304E /* DatabasePlayerLibrary.swift in Sources */ = {isa = PBXBuildFile; fileRef = B53B748D214311E2001F304E /* DatabasePlayerLibrary.swift */; };
		B56077CE2143DE7400E7394E /* PlayerTableViewCell.swift in Sources */ = {isa = PBXBuildFile; fileRef = B56077CC2143DE7400E7394E /* PlayerTableViewCell.swift */; };
		B56077CF2143DE7400E7394E /* PlayerTableViewCell.xib in Resources */ = {isa = PBXBuildFile; fileRef = B56077CD2143DE7400E7394E /* PlayerTableViewCell.xib */; };
		B56077D12143DE9800E7394E /* UITableView+ReusableCell.swift in Sources */ = {isa = PBXBuildFile; fileRef = B56077D02143DE9800E7394E /* UITableView+ReusableCell.swift */; };
		B56077D32143DF4B00E7394E /* UIView+Reusable.swift in Sources */ = {isa = PBXBuildFile; fileRef = B56077D22143DF4B00E7394E /* UIView+Reusable.swift */; };
		B59F57D82141C5300061BC48 /* AppDelegate.swift in Sources */ = {isa = PBXBuildFile; fileRef = B59F57D72141C5300061BC48 /* AppDelegate.swift */; };
		B59F57E12141C5320061BC48 /* Assets.xcassets in Resources */ = {isa = PBXBuildFile; fileRef = B59F57E02141C5320061BC48 /* Assets.xcassets */; };
		B59F57E42141C5320061BC48 /* LaunchScreen.storyboard in Resources */ = {isa = PBXBuildFile; fileRef = B59F57E22141C5320061BC48 /* LaunchScreen.storyboard */; };
		B59F57FA2141C5320061BC48 /* TeamGeneratorUITests.swift in Sources */ = {isa = PBXBuildFile; fileRef = B59F57F92141C5320061BC48 /* TeamGeneratorUITests.swift */; };
/* End PBXBuildFile section */

/* Begin PBXContainerItemProxy section */
		B59F57EB2141C5320061BC48 /* PBXContainerItemProxy */ = {
			isa = PBXContainerItemProxy;
			containerPortal = B59F57CC2141C5300061BC48 /* Project object */;
			proxyType = 1;
			remoteGlobalIDString = B59F57D32141C5300061BC48;
			remoteInfo = TeamGenerator;
		};
		B59F57F62141C5320061BC48 /* PBXContainerItemProxy */ = {
			isa = PBXContainerItemProxy;
			containerPortal = B59F57CC2141C5300061BC48 /* Project object */;
			proxyType = 1;
			remoteGlobalIDString = B59F57D32141C5300061BC48;
			remoteInfo = TeamGenerator;
		};
/* End PBXContainerItemProxy section */

/* Begin PBXFileReference section */
		31984F3A5D00E70DDFB77501 /* Pods-TeamGenerator.release.xcconfig */ = {isa = PBXFileReference; includeInIndex = 1; lastKnownFileType = text.xcconfig; name = "Pods-TeamGenerator.release.xcconfig"; path = "Pods/Target Support Files/Pods-TeamGenerator/Pods-TeamGenerator.release.xcconfig"; sourceTree = "<group>"; };
		37EC5E26454619DEB83DA54B /* Pods_TeamGenerator_TeamGeneratorTests.framework */ = {isa = PBXFileReference; explicitFileType = wrapper.framework; includeInIndex = 0; path = Pods_TeamGenerator_TeamGeneratorTests.framework; sourceTree = BUILT_PRODUCTS_DIR; };
		56169F549CD8D5778CB681E4 /* Pods-TeamGenerator-TeamGeneratorUITests.release.xcconfig */ = {isa = PBXFileReference; includeInIndex = 1; lastKnownFileType = text.xcconfig; name = "Pods-TeamGenerator-TeamGeneratorUITests.release.xcconfig"; path = "Pods/Target Support Files/Pods-TeamGenerator-TeamGeneratorUITests/Pods-TeamGenerator-TeamGeneratorUITests.release.xcconfig"; sourceTree = "<group>"; };
		7EE7A593A1816BD8ECB0B179 /* Pods-TeamGenerator-TeamGeneratorTests.release.xcconfig */ = {isa = PBXFileReference; includeInIndex = 1; lastKnownFileType = text.xcconfig; name = "Pods-TeamGenerator-TeamGeneratorTests.release.xcconfig"; path = "Pods/Target Support Files/Pods-TeamGenerator-TeamGeneratorTests/Pods-TeamGenerator-TeamGeneratorTests.release.xcconfig"; sourceTree = "<group>"; };
		946C48372194417C00BFCED9 /* PlayerListViewController+UITableViewDataSource.swift */ = {isa = PBXFileReference; lastKnownFileType = sourcecode.swift; path = "PlayerListViewController+UITableViewDataSource.swift"; sourceTree = "<group>"; };
		948125A12194558800B1D312 /* GoogleUtilities.framework */ = {isa = PBXFileReference; explicitFileType = wrapper.framework; path = GoogleUtilities.framework; sourceTree = BUILT_PRODUCTS_DIR; };
		949FF18B219991E60078C88F /* UIView+Loadable.swift */ = {isa = PBXFileReference; lastKnownFileType = sourcecode.swift; path = "UIView+Loadable.swift"; sourceTree = "<group>"; };
		949FF18D2199924E0078C88F /* UIView+Constraints.swift */ = {isa = PBXFileReference; lastKnownFileType = sourcecode.swift; path = "UIView+Constraints.swift"; sourceTree = "<group>"; };
		94C87F39219D8743006017D8 /* TeamGenerator copy-Info.plist */ = {isa = PBXFileReference; lastKnownFileType = text.plist.xml; name = "TeamGenerator copy-Info.plist"; path = "/Users/ctw00169/Documents/Projects/TeamGenerator/TeamGenerator copy-Info.plist"; sourceTree = "<absolute>"; };
		94C87F40219DBC3E006017D8 /* TeamsViewController.swift */ = {isa = PBXFileReference; lastKnownFileType = sourcecode.swift; path = TeamsViewController.swift; sourceTree = "<group>"; };
		94C87F41219DBC3E006017D8 /* TeamsViewController.xib */ = {isa = PBXFileReference; lastKnownFileType = file.xib; path = TeamsViewController.xib; sourceTree = "<group>"; };
		94CD8D58219AD330004EF60C /* ClassificationViewController.swift */ = {isa = PBXFileReference; lastKnownFileType = sourcecode.swift; path = ClassificationViewController.swift; sourceTree = "<group>"; };
		94CD8D59219AD330004EF60C /* ClassificationViewController.xib */ = {isa = PBXFileReference; lastKnownFileType = file.xib; path = ClassificationViewController.xib; sourceTree = "<group>"; };
		94CD8D5D219AEA96004EF60C /* Players.swift */ = {isa = PBXFileReference; lastKnownFileType = sourcecode.swift; path = Players.swift; sourceTree = "<group>"; };
		94CD8D60219AEF1E004EF60C /* ClassificationViewModel.swift */ = {isa = PBXFileReference; lastKnownFileType = sourcecode.swift; path = ClassificationViewModel.swift; sourceTree = "<group>"; };
		94CD8D62219AEFB2004EF60C /* ClassificationPlayerViewModel.swift */ = {isa = PBXFileReference; lastKnownFileType = sourcecode.swift; path = ClassificationPlayerViewModel.swift; sourceTree = "<group>"; };
		94CD8D64219AF174004EF60C /* ClassificationViewController+UITableViewDataSource.swift */ = {isa = PBXFileReference; lastKnownFileType = sourcecode.swift; path = "ClassificationViewController+UITableViewDataSource.swift"; sourceTree = "<group>"; };
		94CD8D66219AF196004EF60C /* ClassificationTableViewCell.swift */ = {isa = PBXFileReference; lastKnownFileType = sourcecode.swift; path = ClassificationTableViewCell.swift; sourceTree = "<group>"; };
		94CD8D67219AF196004EF60C /* ClassificationTableViewCell.xib */ = {isa = PBXFileReference; lastKnownFileType = file.xib; path = ClassificationTableViewCell.xib; sourceTree = "<group>"; };
		94CD8D6C219B2054004EF60C /* ClassificationPlayerViewModelUnitTests.swift */ = {isa = PBXFileReference; lastKnownFileType = sourcecode.swift; path = ClassificationPlayerViewModelUnitTests.swift; sourceTree = "<group>"; };
		94CD8D70219B31BB004EF60C /* DatabasePlayerLibraryUnitTests.swift */ = {isa = PBXFileReference; lastKnownFileType = sourcecode.swift; name = DatabasePlayerLibraryUnitTests.swift; path = TeamGeneratorTests/Services/DatabasePlayerLibraryUnitTests.swift; sourceTree = SOURCE_ROOT; };
		94E474862195CCAE002C76D4 /* PlayerDetailsViewController.swift */ = {isa = PBXFileReference; lastKnownFileType = sourcecode.swift; path = PlayerDetailsViewController.swift; sourceTree = "<group>"; };
		94E474872195CCAE002C76D4 /* PlayerDetailsViewController.xib */ = {isa = PBXFileReference; lastKnownFileType = file.xib; path = PlayerDetailsViewController.xib; sourceTree = "<group>"; };
		94E4748C2195D648002C76D4 /* PlayerListViewController+UITableViewDelegate.swift */ = {isa = PBXFileReference; lastKnownFileType = sourcecode.swift; path = "PlayerListViewController+UITableViewDelegate.swift"; sourceTree = "<group>"; };
		94E4748E2195E473002C76D4 /* PlayerDetailView.xib */ = {isa = PBXFileReference; lastKnownFileType = file.xib; path = PlayerDetailView.xib; sourceTree = "<group>"; };
		94E474902195E47D002C76D4 /* PlayerDetailView.swift */ = {isa = PBXFileReference; lastKnownFileType = sourcecode.swift; path = PlayerDetailView.swift; sourceTree = "<group>"; };
		A1459E463D58B04B74537423 /* Pods-TeamGenerator-TeamGeneratorTests.debug.xcconfig */ = {isa = PBXFileReference; includeInIndex = 1; lastKnownFileType = text.xcconfig; name = "Pods-TeamGenerator-TeamGeneratorTests.debug.xcconfig"; path = "Pods/Target Support Files/Pods-TeamGenerator-TeamGeneratorTests/Pods-TeamGenerator-TeamGeneratorTests.debug.xcconfig"; sourceTree = "<group>"; };
		B51941D32141CAA000FD569F /* GoogleService-Info.plist */ = {isa = PBXFileReference; fileEncoding = 4; lastKnownFileType = text.plist.xml; path = "GoogleService-Info.plist"; sourceTree = "<group>"; };
		B51941E82141D44600FD569F /* PlayerListViewController.swift */ = {isa = PBXFileReference; lastKnownFileType = sourcecode.swift; path = PlayerListViewController.swift; sourceTree = "<group>"; };
		B51941E92141D44600FD569F /* PlayerListViewController.xib */ = {isa = PBXFileReference; lastKnownFileType = file.xib; path = PlayerListViewController.xib; sourceTree = "<group>"; };
		B51941F32141D4D500FD569F /* Player.swift */ = {isa = PBXFileReference; lastKnownFileType = sourcecode.swift; path = Player.swift; sourceTree = "<group>"; };
		B52146372143C773005BC2FE /* PlayerViewModel.swift */ = {isa = PBXFileReference; lastKnownFileType = sourcecode.swift; path = PlayerViewModel.swift; sourceTree = "<group>"; };
		B52146392143D099005BC2FE /* PlayerListViewModel.swift */ = {isa = PBXFileReference; lastKnownFileType = sourcecode.swift; path = PlayerListViewModel.swift; sourceTree = "<group>"; };
		B525DD2E2151A6AA001CF6AF /* PlayerListViewModelUnitTests.swift */ = {isa = PBXFileReference; lastKnownFileType = sourcecode.swift; path = PlayerListViewModelUnitTests.swift; sourceTree = "<group>"; };
		B53B748121430F2A001F304E /* Dynamic.swift */ = {isa = PBXFileReference; lastKnownFileType = sourcecode.swift; path = Dynamic.swift; sourceTree = "<group>"; };
		B53B7487214310D4001F304E /* JSONEncoder+ISODate.swift */ = {isa = PBXFileReference; fileEncoding = 4; lastKnownFileType = sourcecode.swift; path = "JSONEncoder+ISODate.swift"; sourceTree = "<group>"; };
		B53B7488214310D4001F304E /* JSONDecoder+ISODate.swift */ = {isa = PBXFileReference; fileEncoding = 4; lastKnownFileType = sourcecode.swift; path = "JSONDecoder+ISODate.swift"; sourceTree = "<group>"; };
		B53B748B21431171001F304E /* PlayerLibrary.swift */ = {isa = PBXFileReference; lastKnownFileType = sourcecode.swift; path = PlayerLibrary.swift; sourceTree = "<group>"; };
		B53B748D214311E2001F304E /* DatabasePlayerLibrary.swift */ = {isa = PBXFileReference; lastKnownFileType = sourcecode.swift; path = DatabasePlayerLibrary.swift; sourceTree = "<group>"; };
		B56077CC2143DE7400E7394E /* PlayerTableViewCell.swift */ = {isa = PBXFileReference; lastKnownFileType = sourcecode.swift; path = PlayerTableViewCell.swift; sourceTree = "<group>"; };
		B56077CD2143DE7400E7394E /* PlayerTableViewCell.xib */ = {isa = PBXFileReference; lastKnownFileType = file.xib; path = PlayerTableViewCell.xib; sourceTree = "<group>"; };
		B56077D02143DE9800E7394E /* UITableView+ReusableCell.swift */ = {isa = PBXFileReference; lastKnownFileType = sourcecode.swift; path = "UITableView+ReusableCell.swift"; sourceTree = "<group>"; };
		B56077D22143DF4B00E7394E /* UIView+Reusable.swift */ = {isa = PBXFileReference; lastKnownFileType = sourcecode.swift; path = "UIView+Reusable.swift"; sourceTree = "<group>"; };
		B59F57D42141C5300061BC48 /* TeamGenerator.app */ = {isa = PBXFileReference; explicitFileType = wrapper.application; includeInIndex = 0; path = TeamGenerator.app; sourceTree = BUILT_PRODUCTS_DIR; };
		B59F57D72141C5300061BC48 /* AppDelegate.swift */ = {isa = PBXFileReference; lastKnownFileType = sourcecode.swift; path = AppDelegate.swift; sourceTree = "<group>"; };
		B59F57E02141C5320061BC48 /* Assets.xcassets */ = {isa = PBXFileReference; lastKnownFileType = folder.assetcatalog; path = Assets.xcassets; sourceTree = "<group>"; };
		B59F57E32141C5320061BC48 /* Base */ = {isa = PBXFileReference; lastKnownFileType = file.storyboard; name = Base; path = Base.lproj/LaunchScreen.storyboard; sourceTree = "<group>"; };
		B59F57E52141C5320061BC48 /* Info.plist */ = {isa = PBXFileReference; lastKnownFileType = text.plist.xml; path = Info.plist; sourceTree = "<group>"; };
		B59F57EA2141C5320061BC48 /* TeamGeneratorTests.xctest */ = {isa = PBXFileReference; explicitFileType = wrapper.cfbundle; includeInIndex = 0; path = TeamGeneratorTests.xctest; sourceTree = BUILT_PRODUCTS_DIR; };
		B59F57F02141C5320061BC48 /* Info.plist */ = {isa = PBXFileReference; lastKnownFileType = text.plist.xml; path = Info.plist; sourceTree = "<group>"; };
		B59F57F52141C5320061BC48 /* TeamGeneratorUITests.xctest */ = {isa = PBXFileReference; explicitFileType = wrapper.cfbundle; includeInIndex = 0; path = TeamGeneratorUITests.xctest; sourceTree = BUILT_PRODUCTS_DIR; };
		B59F57F92141C5320061BC48 /* TeamGeneratorUITests.swift */ = {isa = PBXFileReference; lastKnownFileType = sourcecode.swift; path = TeamGeneratorUITests.swift; sourceTree = "<group>"; };
		B59F57FB2141C5320061BC48 /* Info.plist */ = {isa = PBXFileReference; lastKnownFileType = text.plist.xml; path = Info.plist; sourceTree = "<group>"; };
		CC99C1AA3792690C6C8932A3 /* Pods_TeamGenerator_TeamGeneratorUITests.framework */ = {isa = PBXFileReference; explicitFileType = wrapper.framework; includeInIndex = 0; path = Pods_TeamGenerator_TeamGeneratorUITests.framework; sourceTree = BUILT_PRODUCTS_DIR; };
		D026638E1FB505F51D01BD91 /* Pods-TeamGenerator-TeamGeneratorUITests.debug.xcconfig */ = {isa = PBXFileReference; includeInIndex = 1; lastKnownFileType = text.xcconfig; name = "Pods-TeamGenerator-TeamGeneratorUITests.debug.xcconfig"; path = "Pods/Target Support Files/Pods-TeamGenerator-TeamGeneratorUITests/Pods-TeamGenerator-TeamGeneratorUITests.debug.xcconfig"; sourceTree = "<group>"; };
		D095923560AF4683AEF2FCFB /* Pods_TeamGenerator.framework */ = {isa = PBXFileReference; explicitFileType = wrapper.framework; includeInIndex = 0; path = Pods_TeamGenerator.framework; sourceTree = BUILT_PRODUCTS_DIR; };
		E510CE00B720578712D2865C /* Pods-TeamGenerator.debug.xcconfig */ = {isa = PBXFileReference; includeInIndex = 1; lastKnownFileType = text.xcconfig; name = "Pods-TeamGenerator.debug.xcconfig"; path = "Pods/Target Support Files/Pods-TeamGenerator/Pods-TeamGenerator.debug.xcconfig"; sourceTree = "<group>"; };
/* End PBXFileReference section */

/* Begin PBXFrameworksBuildPhase section */
		B59F57D12141C5300061BC48 /* Frameworks */ = {
			isa = PBXFrameworksBuildPhase;
			buildActionMask = 2147483647;
			files = (
				1D819B083400074BE5D481C8 /* Pods_TeamGenerator.framework in Frameworks */,
			);
			runOnlyForDeploymentPostprocessing = 0;
		};
		B59F57E72141C5320061BC48 /* Frameworks */ = {
			isa = PBXFrameworksBuildPhase;
			buildActionMask = 2147483647;
			files = (
				A3A8CA6C4DD3EE5EA13A4AE5 /* Pods_TeamGenerator_TeamGeneratorTests.framework in Frameworks */,
			);
			runOnlyForDeploymentPostprocessing = 0;
		};
		B59F57F22141C5320061BC48 /* Frameworks */ = {
			isa = PBXFrameworksBuildPhase;
			buildActionMask = 2147483647;
			files = (
				7D591F818AD273951905F765 /* Pods_TeamGenerator_TeamGeneratorUITests.framework in Frameworks */,
			);
			runOnlyForDeploymentPostprocessing = 0;
		};
/* End PBXFrameworksBuildPhase section */

/* Begin PBXGroup section */
		320D2BF368172E7C14DE38E1 /* Pods */ = {
			isa = PBXGroup;
			children = (
				E510CE00B720578712D2865C /* Pods-TeamGenerator.debug.xcconfig */,
				31984F3A5D00E70DDFB77501 /* Pods-TeamGenerator.release.xcconfig */,
				A1459E463D58B04B74537423 /* Pods-TeamGenerator-TeamGeneratorTests.debug.xcconfig */,
				7EE7A593A1816BD8ECB0B179 /* Pods-TeamGenerator-TeamGeneratorTests.release.xcconfig */,
				D026638E1FB505F51D01BD91 /* Pods-TeamGenerator-TeamGeneratorUITests.debug.xcconfig */,
				56169F549CD8D5778CB681E4 /* Pods-TeamGenerator-TeamGeneratorUITests.release.xcconfig */,
			);
			name = Pods;
			sourceTree = "<group>";
		};
		4EF6EA1BE28FD0109741C271 /* Frameworks */ = {
			isa = PBXGroup;
			children = (
				948125A12194558800B1D312 /* GoogleUtilities.framework */,
				D095923560AF4683AEF2FCFB /* Pods_TeamGenerator.framework */,
				37EC5E26454619DEB83DA54B /* Pods_TeamGenerator_TeamGeneratorTests.framework */,
				CC99C1AA3792690C6C8932A3 /* Pods_TeamGenerator_TeamGeneratorUITests.framework */,
			);
			name = Frameworks;
			sourceTree = "<group>";
		};
		94C07BC8219C3B8F00ED2000 /* Services */ = {
			isa = PBXGroup;
			children = (
				94CD8D70219B31BB004EF60C /* DatabasePlayerLibraryUnitTests.swift */,
			);
			path = Services;
			sourceTree = "<group>";
		};
		94C87F3F219DBC1E006017D8 /* Team */ = {
			isa = PBXGroup;
			children = (
				94C87F40219DBC3E006017D8 /* TeamsViewController.swift */,
				94C87F41219DBC3E006017D8 /* TeamsViewController.xib */,
			);
			path = Team;
			sourceTree = "<group>";
		};
		94CD8D57219AD1BD004EF60C /* Classification */ = {
			isa = PBXGroup;
			children = (
				94CD8D66219AF196004EF60C /* ClassificationTableViewCell.swift */,
				94CD8D67219AF196004EF60C /* ClassificationTableViewCell.xib */,
				94CD8D58219AD330004EF60C /* ClassificationViewController.swift */,
				94CD8D59219AD330004EF60C /* ClassificationViewController.xib */,
				94CD8D64219AF174004EF60C /* ClassificationViewController+UITableViewDataSource.swift */,
			);
			path = Classification;
			sourceTree = "<group>";
		};
		94CD8D5C219AEA8B004EF60C /* Model */ = {
			isa = PBXGroup;
			children = (
				94CD8D5D219AEA96004EF60C /* Players.swift */,
			);
			path = Model;
			sourceTree = "<group>";
		};
		94CD8D5F219AEF11004EF60C /* Classification */ = {
			isa = PBXGroup;
			children = (
				94CD8D60219AEF1E004EF60C /* ClassificationViewModel.swift */,
				94CD8D62219AEFB2004EF60C /* ClassificationPlayerViewModel.swift */,
			);
			path = Classification;
			sourceTree = "<group>";
		};
		94CD8D6A219B201C004EF60C /* Player */ = {
			isa = PBXGroup;
			children = (
				B525DD2E2151A6AA001CF6AF /* PlayerListViewModelUnitTests.swift */,
			);
			path = Player;
			sourceTree = "<group>";
		};
		94CD8D6B219B2024004EF60C /* Classification */ = {
			isa = PBXGroup;
			children = (
				94CD8D6C219B2054004EF60C /* ClassificationPlayerViewModelUnitTests.swift */,
			);
			path = Classification;
			sourceTree = "<group>";
		};
		94E4748A2195CCB8002C76D4 /* List */ = {
			isa = PBXGroup;
			children = (
				B56077CC2143DE7400E7394E /* PlayerTableViewCell.swift */,
				B56077CD2143DE7400E7394E /* PlayerTableViewCell.xib */,
				B51941E82141D44600FD569F /* PlayerListViewController.swift */,
				B51941E92141D44600FD569F /* PlayerListViewController.xib */,
				946C48372194417C00BFCED9 /* PlayerListViewController+UITableViewDataSource.swift */,
				94E4748C2195D648002C76D4 /* PlayerListViewController+UITableViewDelegate.swift */,
			);
			path = List;
			sourceTree = "<group>";
		};
		94E4748B2195CCC0002C76D4 /* Details */ = {
			isa = PBXGroup;
			children = (
				94E474862195CCAE002C76D4 /* PlayerDetailsViewController.swift */,
				94E474872195CCAE002C76D4 /* PlayerDetailsViewController.xib */,
				94E474902195E47D002C76D4 /* PlayerDetailView.swift */,
				94E4748E2195E473002C76D4 /* PlayerDetailView.xib */,
			);
			path = Details;
			sourceTree = "<group>";
		};
		B51941D52141D10F00FD569F /* View */ = {
			isa = PBXGroup;
			children = (
				94CD8D57219AD1BD004EF60C /* Classification */,
				B52146352143C54F005BC2FE /* Player */,
				94C87F3F219DBC1E006017D8 /* Team */,
			);
			path = View;
			sourceTree = "<group>";
		};
		B51941F12141D4B100FD569F /* ViewModel */ = {
			isa = PBXGroup;
			children = (
				B53B748121430F2A001F304E /* Dynamic.swift */,
				94CD8D5F219AEF11004EF60C /* Classification */,
				B52146362143C55B005BC2FE /* Player */,
			);
			path = ViewModel;
			sourceTree = "<group>";
		};
		B51941F22141D4C600FD569F /* Model */ = {
			isa = PBXGroup;
			children = (
				B51941F32141D4D500FD569F /* Player.swift */,
			);
			path = Model;
			sourceTree = "<group>";
		};
		B521462F2143C1D1005BC2FE /* ViewModel */ = {
			isa = PBXGroup;
			children = (
				94CD8D6B219B2024004EF60C /* Classification */,
				94CD8D6A219B201C004EF60C /* Player */,
			);
			path = ViewModel;
			sourceTree = "<group>";
		};
		B52146352143C54F005BC2FE /* Player */ = {
			isa = PBXGroup;
			children = (
				94E4748B2195CCC0002C76D4 /* Details */,
				94E4748A2195CCB8002C76D4 /* List */,
			);
			path = Player;
			sourceTree = "<group>";
		};
		B52146362143C55B005BC2FE /* Player */ = {
			isa = PBXGroup;
			children = (
				B52146392143D099005BC2FE /* PlayerListViewModel.swift */,
				B52146372143C773005BC2FE /* PlayerViewModel.swift */,
			);
			path = Player;
			sourceTree = "<group>";
		};
		B53B748521430FE3001F304E /* Services */ = {
			isa = PBXGroup;
			children = (
				B53B748D214311E2001F304E /* DatabasePlayerLibrary.swift */,
				B53B748B21431171001F304E /* PlayerLibrary.swift */,
			);
			path = Services;
			sourceTree = "<group>";
		};
		B53B748621431009001F304E /* Extensions */ = {
			isa = PBXGroup;
			children = (
				B53B7487214310D4001F304E /* JSONEncoder+ISODate.swift */,
				B53B7488214310D4001F304E /* JSONDecoder+ISODate.swift */,
				B56077D02143DE9800E7394E /* UITableView+ReusableCell.swift */,
				B56077D22143DF4B00E7394E /* UIView+Reusable.swift */,
				949FF18B219991E60078C88F /* UIView+Loadable.swift */,
				949FF18D2199924E0078C88F /* UIView+Constraints.swift */,
			);
			path = Extensions;
			sourceTree = "<group>";
		};
		B59F57CB2141C5300061BC48 = {
			isa = PBXGroup;
			children = (
				B59F57D62141C5300061BC48 /* TeamGenerator */,
				B59F57ED2141C5320061BC48 /* TeamGeneratorTests */,
				B59F57F82141C5320061BC48 /* TeamGeneratorUITests */,
				B59F57D52141C5300061BC48 /* Products */,
				4EF6EA1BE28FD0109741C271 /* Frameworks */,
				320D2BF368172E7C14DE38E1 /* Pods */,
				94C87F39219D8743006017D8 /* TeamGenerator copy-Info.plist */,
			);
			sourceTree = "<group>";
		};
		B59F57D52141C5300061BC48 /* Products */ = {
			isa = PBXGroup;
			children = (
				B59F57D42141C5300061BC48 /* TeamGenerator.app */,
				B59F57EA2141C5320061BC48 /* TeamGeneratorTests.xctest */,
				B59F57F52141C5320061BC48 /* TeamGeneratorUITests.xctest */,
			);
			name = Products;
			sourceTree = "<group>";
		};
		B59F57D62141C5300061BC48 /* TeamGenerator */ = {
			isa = PBXGroup;
			children = (
				B59F57D72141C5300061BC48 /* AppDelegate.swift */,
				B59F57E02141C5320061BC48 /* Assets.xcassets */,
				B51941D32141CAA000FD569F /* GoogleService-Info.plist */,
				B59F57E52141C5320061BC48 /* Info.plist */,
				B59F57E22141C5320061BC48 /* LaunchScreen.storyboard */,
				B51941F22141D4C600FD569F /* Model */,
				B51941D52141D10F00FD569F /* View */,
				B51941F12141D4B100FD569F /* ViewModel */,
				B53B748521430FE3001F304E /* Services */,
				B53B748621431009001F304E /* Extensions */,
			);
			path = TeamGenerator;
			sourceTree = "<group>";
		};
		B59F57ED2141C5320061BC48 /* TeamGeneratorTests */ = {
			isa = PBXGroup;
			children = (
				B59F57F02141C5320061BC48 /* Info.plist */,
				94CD8D5C219AEA8B004EF60C /* Model */,
				94C07BC8219C3B8F00ED2000 /* Services */,
				B521462F2143C1D1005BC2FE /* ViewModel */,
			);
			path = TeamGeneratorTests;
			sourceTree = "<group>";
		};
		B59F57F82141C5320061BC48 /* TeamGeneratorUITests */ = {
			isa = PBXGroup;
			children = (
				B59F57F92141C5320061BC48 /* TeamGeneratorUITests.swift */,
				B59F57FB2141C5320061BC48 /* Info.plist */,
			);
			path = TeamGeneratorUITests;
			sourceTree = "<group>";
		};
/* End PBXGroup section */

/* Begin PBXNativeTarget section */
		B59F57D32141C5300061BC48 /* TeamGenerator */ = {
			isa = PBXNativeTarget;
			buildConfigurationList = B59F57FE2141C5320061BC48 /* Build configuration list for PBXNativeTarget "TeamGenerator" */;
			buildPhases = (
				BEAECD39E51075D392DCDABA /* [CP] Check Pods Manifest.lock */,
				B59F57D02141C5300061BC48 /* Sources */,
				B59F57D12141C5300061BC48 /* Frameworks */,
				B59F57D22141C5300061BC48 /* Resources */,
				E221EA55BF8BE87F7E7D7D53 /* [CP] Embed Pods Frameworks */,
			);
			buildRules = (
			);
			dependencies = (
			);
			name = TeamGenerator;
			productName = TeamGenerator;
			productReference = B59F57D42141C5300061BC48 /* TeamGenerator.app */;
			productType = "com.apple.product-type.application";
		};
		B59F57E92141C5320061BC48 /* TeamGeneratorTests */ = {
			isa = PBXNativeTarget;
			buildConfigurationList = B59F58012141C5320061BC48 /* Build configuration list for PBXNativeTarget "TeamGeneratorTests" */;
			buildPhases = (
				B8DD5F61BBEF566C1DBDC4E1 /* [CP] Check Pods Manifest.lock */,
				B59F57E62141C5320061BC48 /* Sources */,
				B59F57E72141C5320061BC48 /* Frameworks */,
				B59F57E82141C5320061BC48 /* Resources */,
				D65D3D777107F5424C15C510 /* [CP] Embed Pods Frameworks */,
			);
			buildRules = (
			);
			dependencies = (
				B59F57EC2141C5320061BC48 /* PBXTargetDependency */,
			);
			name = TeamGeneratorTests;
			productName = TeamGeneratorTests;
			productReference = B59F57EA2141C5320061BC48 /* TeamGeneratorTests.xctest */;
			productType = "com.apple.product-type.bundle.unit-test";
		};
		B59F57F42141C5320061BC48 /* TeamGeneratorUITests */ = {
			isa = PBXNativeTarget;
			buildConfigurationList = B59F58042141C5320061BC48 /* Build configuration list for PBXNativeTarget "TeamGeneratorUITests" */;
			buildPhases = (
				81D8143203843DC2FF597255 /* [CP] Check Pods Manifest.lock */,
				B59F57F12141C5320061BC48 /* Sources */,
				B59F57F22141C5320061BC48 /* Frameworks */,
				B59F57F32141C5320061BC48 /* Resources */,
				C25226A187128CE10FC4142E /* [CP] Embed Pods Frameworks */,
			);
			buildRules = (
			);
			dependencies = (
				B59F57F72141C5320061BC48 /* PBXTargetDependency */,
			);
			name = TeamGeneratorUITests;
			productName = TeamGeneratorUITests;
			productReference = B59F57F52141C5320061BC48 /* TeamGeneratorUITests.xctest */;
			productType = "com.apple.product-type.bundle.ui-testing";
		};
/* End PBXNativeTarget section */

/* Begin PBXProject section */
		B59F57CC2141C5300061BC48 /* Project object */ = {
			isa = PBXProject;
			attributes = {
				LastSwiftUpdateCheck = 0940;
				LastUpgradeCheck = 0940;
				ORGANIZATIONNAME = "Le Team Software";
				TargetAttributes = {
					B59F57D32141C5300061BC48 = {
						CreatedOnToolsVersion = 9.4.1;
						LastSwiftMigration = 1010;
					};
					B59F57E92141C5320061BC48 = {
						CreatedOnToolsVersion = 9.4.1;
						LastSwiftMigration = 1010;
						TestTargetID = B59F57D32141C5300061BC48;
					};
					B59F57F42141C5320061BC48 = {
						CreatedOnToolsVersion = 9.4.1;
						LastSwiftMigration = 1010;
						TestTargetID = B59F57D32141C5300061BC48;
					};
				};
			};
			buildConfigurationList = B59F57CF2141C5300061BC48 /* Build configuration list for PBXProject "TeamGenerator" */;
			compatibilityVersion = "Xcode 9.3";
			developmentRegion = en;
			hasScannedForEncodings = 0;
			knownRegions = (
				en,
				Base,
			);
			mainGroup = B59F57CB2141C5300061BC48;
			productRefGroup = B59F57D52141C5300061BC48 /* Products */;
			projectDirPath = "";
			projectRoot = "";
			targets = (
				B59F57D32141C5300061BC48 /* TeamGenerator */,
				B59F57E92141C5320061BC48 /* TeamGeneratorTests */,
				B59F57F42141C5320061BC48 /* TeamGeneratorUITests */,
			);
		};
/* End PBXProject section */

/* Begin PBXResourcesBuildPhase section */
		B59F57D22141C5300061BC48 /* Resources */ = {
			isa = PBXResourcesBuildPhase;
			buildActionMask = 2147483647;
			files = (
				94CD8D5B219AD330004EF60C /* ClassificationViewController.xib in Resources */,
				94E474892195CCAE002C76D4 /* PlayerDetailsViewController.xib in Resources */,
				B59F57E42141C5320061BC48 /* LaunchScreen.storyboard in Resources */,
				94C87F43219DBC3E006017D8 /* TeamsViewController.xib in Resources */,
				B51941EB2141D44600FD569F /* PlayerListViewController.xib in Resources */,
				B56077CF2143DE7400E7394E /* PlayerTableViewCell.xib in Resources */,
				B51941D42141CAA000FD569F /* GoogleService-Info.plist in Resources */,
				B59F57E12141C5320061BC48 /* Assets.xcassets in Resources */,
				94E4748F2195E473002C76D4 /* PlayerDetailView.xib in Resources */,
				94CD8D69219AF196004EF60C /* ClassificationTableViewCell.xib in Resources */,
			);
			runOnlyForDeploymentPostprocessing = 0;
		};
		B59F57E82141C5320061BC48 /* Resources */ = {
			isa = PBXResourcesBuildPhase;
			buildActionMask = 2147483647;
			files = (
			);
			runOnlyForDeploymentPostprocessing = 0;
		};
		B59F57F32141C5320061BC48 /* Resources */ = {
			isa = PBXResourcesBuildPhase;
			buildActionMask = 2147483647;
			files = (
			);
			runOnlyForDeploymentPostprocessing = 0;
		};
/* End PBXResourcesBuildPhase section */

/* Begin PBXShellScriptBuildPhase section */
		81D8143203843DC2FF597255 /* [CP] Check Pods Manifest.lock */ = {
			isa = PBXShellScriptBuildPhase;
			buildActionMask = 2147483647;
			files = (
			);
			inputFileListPaths = (
			);
			inputPaths = (
				"${PODS_PODFILE_DIR_PATH}/Podfile.lock",
				"${PODS_ROOT}/Manifest.lock",
			);
			name = "[CP] Check Pods Manifest.lock";
			outputFileListPaths = (
			);
			outputPaths = (
				"$(DERIVED_FILE_DIR)/Pods-TeamGenerator-TeamGeneratorUITests-checkManifestLockResult.txt",
			);
			runOnlyForDeploymentPostprocessing = 0;
			shellPath = /bin/sh;
			shellScript = "diff \"${PODS_PODFILE_DIR_PATH}/Podfile.lock\" \"${PODS_ROOT}/Manifest.lock\" > /dev/null\nif [ $? != 0 ] ; then\n    # print error to STDERR\n    echo \"error: The sandbox is not in sync with the Podfile.lock. Run 'pod install' or update your CocoaPods installation.\" >&2\n    exit 1\nfi\n# This output is used by Xcode 'outputs' to avoid re-running this script phase.\necho \"SUCCESS\" > \"${SCRIPT_OUTPUT_FILE_0}\"\n";
			showEnvVarsInLog = 0;
		};
		B8DD5F61BBEF566C1DBDC4E1 /* [CP] Check Pods Manifest.lock */ = {
			isa = PBXShellScriptBuildPhase;
			buildActionMask = 2147483647;
			files = (
			);
			inputFileListPaths = (
			);
			inputPaths = (
				"${PODS_PODFILE_DIR_PATH}/Podfile.lock",
				"${PODS_ROOT}/Manifest.lock",
			);
			name = "[CP] Check Pods Manifest.lock";
			outputFileListPaths = (
			);
			outputPaths = (
				"$(DERIVED_FILE_DIR)/Pods-TeamGenerator-TeamGeneratorTests-checkManifestLockResult.txt",
			);
			runOnlyForDeploymentPostprocessing = 0;
			shellPath = /bin/sh;
			shellScript = "diff \"${PODS_PODFILE_DIR_PATH}/Podfile.lock\" \"${PODS_ROOT}/Manifest.lock\" > /dev/null\nif [ $? != 0 ] ; then\n    # print error to STDERR\n    echo \"error: The sandbox is not in sync with the Podfile.lock. Run 'pod install' or update your CocoaPods installation.\" >&2\n    exit 1\nfi\n# This output is used by Xcode 'outputs' to avoid re-running this script phase.\necho \"SUCCESS\" > \"${SCRIPT_OUTPUT_FILE_0}\"\n";
			showEnvVarsInLog = 0;
		};
		BEAECD39E51075D392DCDABA /* [CP] Check Pods Manifest.lock */ = {
			isa = PBXShellScriptBuildPhase;
			buildActionMask = 2147483647;
			files = (
			);
			inputFileListPaths = (
			);
			inputPaths = (
				"${PODS_PODFILE_DIR_PATH}/Podfile.lock",
				"${PODS_ROOT}/Manifest.lock",
			);
			name = "[CP] Check Pods Manifest.lock";
			outputFileListPaths = (
			);
			outputPaths = (
				"$(DERIVED_FILE_DIR)/Pods-TeamGenerator-checkManifestLockResult.txt",
			);
			runOnlyForDeploymentPostprocessing = 0;
			shellPath = /bin/sh;
			shellScript = "diff \"${PODS_PODFILE_DIR_PATH}/Podfile.lock\" \"${PODS_ROOT}/Manifest.lock\" > /dev/null\nif [ $? != 0 ] ; then\n    # print error to STDERR\n    echo \"error: The sandbox is not in sync with the Podfile.lock. Run 'pod install' or update your CocoaPods installation.\" >&2\n    exit 1\nfi\n# This output is used by Xcode 'outputs' to avoid re-running this script phase.\necho \"SUCCESS\" > \"${SCRIPT_OUTPUT_FILE_0}\"\n";
			showEnvVarsInLog = 0;
		};
		C25226A187128CE10FC4142E /* [CP] Embed Pods Frameworks */ = {
			isa = PBXShellScriptBuildPhase;
			buildActionMask = 2147483647;
			files = (
			);
			inputFileListPaths = (
			);
			inputPaths = (
				"${SRCROOT}/Pods/Target Support Files/Pods-TeamGenerator-TeamGeneratorUITests/Pods-TeamGenerator-TeamGeneratorUITests-frameworks.sh",
				"${BUILT_PRODUCTS_DIR}/GoogleUtilities/GoogleUtilities.framework",
				"${BUILT_PRODUCTS_DIR}/leveldb-library/leveldb.framework",
				"${BUILT_PRODUCTS_DIR}/nanopb/nanopb.framework",
			);
			name = "[CP] Embed Pods Frameworks";
			outputFileListPaths = (
			);
			outputPaths = (
				"${TARGET_BUILD_DIR}/${FRAMEWORKS_FOLDER_PATH}/GoogleUtilities.framework",
				"${TARGET_BUILD_DIR}/${FRAMEWORKS_FOLDER_PATH}/leveldb.framework",
				"${TARGET_BUILD_DIR}/${FRAMEWORKS_FOLDER_PATH}/nanopb.framework",
			);
			runOnlyForDeploymentPostprocessing = 0;
			shellPath = /bin/sh;
			shellScript = "\"${SRCROOT}/Pods/Target Support Files/Pods-TeamGenerator-TeamGeneratorUITests/Pods-TeamGenerator-TeamGeneratorUITests-frameworks.sh\"\n";
			showEnvVarsInLog = 0;
		};
		D65D3D777107F5424C15C510 /* [CP] Embed Pods Frameworks */ = {
			isa = PBXShellScriptBuildPhase;
			buildActionMask = 2147483647;
			files = (
			);
			inputFileListPaths = (
			);
			inputPaths = (
				"${SRCROOT}/Pods/Target Support Files/Pods-TeamGenerator-TeamGeneratorTests/Pods-TeamGenerator-TeamGeneratorTests-frameworks.sh",
				"${BUILT_PRODUCTS_DIR}/GoogleUtilities/GoogleUtilities.framework",
				"${BUILT_PRODUCTS_DIR}/leveldb-library/leveldb.framework",
				"${BUILT_PRODUCTS_DIR}/nanopb/nanopb.framework",
			);
			name = "[CP] Embed Pods Frameworks";
			outputFileListPaths = (
			);
			outputPaths = (
				"${TARGET_BUILD_DIR}/${FRAMEWORKS_FOLDER_PATH}/GoogleUtilities.framework",
				"${TARGET_BUILD_DIR}/${FRAMEWORKS_FOLDER_PATH}/leveldb.framework",
				"${TARGET_BUILD_DIR}/${FRAMEWORKS_FOLDER_PATH}/nanopb.framework",
			);
			runOnlyForDeploymentPostprocessing = 0;
			shellPath = /bin/sh;
			shellScript = "\"${SRCROOT}/Pods/Target Support Files/Pods-TeamGenerator-TeamGeneratorTests/Pods-TeamGenerator-TeamGeneratorTests-frameworks.sh\"\n";
			showEnvVarsInLog = 0;
		};
		E221EA55BF8BE87F7E7D7D53 /* [CP] Embed Pods Frameworks */ = {
			isa = PBXShellScriptBuildPhase;
			buildActionMask = 2147483647;
			files = (
			);
			inputFileListPaths = (
			);
			inputPaths = (
				"${SRCROOT}/Pods/Target Support Files/Pods-TeamGenerator/Pods-TeamGenerator-frameworks.sh",
				"${BUILT_PRODUCTS_DIR}/GoogleUtilities/GoogleUtilities.framework",
				"${BUILT_PRODUCTS_DIR}/leveldb-library/leveldb.framework",
				"${BUILT_PRODUCTS_DIR}/nanopb/nanopb.framework",
			);
			name = "[CP] Embed Pods Frameworks";
			outputFileListPaths = (
			);
			outputPaths = (
				"${TARGET_BUILD_DIR}/${FRAMEWORKS_FOLDER_PATH}/GoogleUtilities.framework",
				"${TARGET_BUILD_DIR}/${FRAMEWORKS_FOLDER_PATH}/leveldb.framework",
				"${TARGET_BUILD_DIR}/${FRAMEWORKS_FOLDER_PATH}/nanopb.framework",
			);
			runOnlyForDeploymentPostprocessing = 0;
			shellPath = /bin/sh;
			shellScript = "\"${SRCROOT}/Pods/Target Support Files/Pods-TeamGenerator/Pods-TeamGenerator-frameworks.sh\"\n";
			showEnvVarsInLog = 0;
		};
/* End PBXShellScriptBuildPhase section */

/* Begin PBXSourcesBuildPhase section */
		B59F57D02141C5300061BC48 /* Sources */ = {
			isa = PBXSourcesBuildPhase;
			buildActionMask = 2147483647;
			files = (
				946C48382194417C00BFCED9 /* PlayerListViewController+UITableViewDataSource.swift in Sources */,
				B56077D32143DF4B00E7394E /* UIView+Reusable.swift in Sources */,
				B53B7489214310D4001F304E /* JSONEncoder+ISODate.swift in Sources */,
				94C87F42219DBC3E006017D8 /* TeamsViewController.swift in Sources */,
				94CD8D63219AEFB2004EF60C /* ClassificationPlayerViewModel.swift in Sources */,
				B59F57D82141C5300061BC48 /* AppDelegate.swift in Sources */,
				949FF18C219991E60078C88F /* UIView+Loadable.swift in Sources */,
				B53B748C21431171001F304E /* PlayerLibrary.swift in Sources */,
				B51941F42141D4D500FD569F /* Player.swift in Sources */,
				B56077CE2143DE7400E7394E /* PlayerTableViewCell.swift in Sources */,
				94CD8D68219AF196004EF60C /* ClassificationTableViewCell.swift in Sources */,
				94CD8D5A219AD330004EF60C /* ClassificationViewController.swift in Sources */,
				B53B748221430F2A001F304E /* Dynamic.swift in Sources */,
				B53B748E214311E2001F304E /* DatabasePlayerLibrary.swift in Sources */,
				B521463A2143D099005BC2FE /* PlayerListViewModel.swift in Sources */,
				94E474912195E47D002C76D4 /* PlayerDetailView.swift in Sources */,
				B53B748A214310D4001F304E /* JSONDecoder+ISODate.swift in Sources */,
				B51941EA2141D44600FD569F /* PlayerListViewController.swift in Sources */,
				94E4748D2195D648002C76D4 /* PlayerListViewController+UITableViewDelegate.swift in Sources */,
				94CD8D61219AEF1E004EF60C /* ClassificationViewModel.swift in Sources */,
				B52146382143C773005BC2FE /* PlayerViewModel.swift in Sources */,
				949FF18E2199924E0078C88F /* UIView+Constraints.swift in Sources */,
				94CD8D65219AF174004EF60C /* ClassificationViewController+UITableViewDataSource.swift in Sources */,
				B56077D12143DE9800E7394E /* UITableView+ReusableCell.swift in Sources */,
				94E474882195CCAE002C76D4 /* PlayerDetailsViewController.swift in Sources */,
			);
			runOnlyForDeploymentPostprocessing = 0;
		};
		B59F57E62141C5320061BC48 /* Sources */ = {
			isa = PBXSourcesBuildPhase;
			buildActionMask = 2147483647;
			files = (
				94CD8D5E219AEA96004EF60C /* Players.swift in Sources */,
				B525DD2F2151A6AA001CF6AF /* PlayerListViewModelUnitTests.swift in Sources */,
				94CD8D6D219B2054004EF60C /* ClassificationPlayerViewModelUnitTests.swift in Sources */,
				94CD8D71219B31BB004EF60C /* DatabasePlayerLibraryUnitTests.swift in Sources */,
			);
			runOnlyForDeploymentPostprocessing = 0;
		};
		B59F57F12141C5320061BC48 /* Sources */ = {
			isa = PBXSourcesBuildPhase;
			buildActionMask = 2147483647;
			files = (
				B59F57FA2141C5320061BC48 /* TeamGeneratorUITests.swift in Sources */,
			);
			runOnlyForDeploymentPostprocessing = 0;
		};
/* End PBXSourcesBuildPhase section */

/* Begin PBXTargetDependency section */
		B59F57EC2141C5320061BC48 /* PBXTargetDependency */ = {
			isa = PBXTargetDependency;
			target = B59F57D32141C5300061BC48 /* TeamGenerator */;
			targetProxy = B59F57EB2141C5320061BC48 /* PBXContainerItemProxy */;
		};
		B59F57F72141C5320061BC48 /* PBXTargetDependency */ = {
			isa = PBXTargetDependency;
			target = B59F57D32141C5300061BC48 /* TeamGenerator */;
			targetProxy = B59F57F62141C5320061BC48 /* PBXContainerItemProxy */;
		};
/* End PBXTargetDependency section */

/* Begin PBXVariantGroup section */
		B59F57E22141C5320061BC48 /* LaunchScreen.storyboard */ = {
			isa = PBXVariantGroup;
			children = (
				B59F57E32141C5320061BC48 /* Base */,
			);
			name = LaunchScreen.storyboard;
			sourceTree = "<group>";
		};
/* End PBXVariantGroup section */

/* Begin XCBuildConfiguration section */
		B59F57FC2141C5320061BC48 /* Debug */ = {
			isa = XCBuildConfiguration;
			buildSettings = {
				ALWAYS_SEARCH_USER_PATHS = NO;
				CLANG_ANALYZER_NONNULL = YES;
				CLANG_ANALYZER_NUMBER_OBJECT_CONVERSION = YES_AGGRESSIVE;
				CLANG_CXX_LANGUAGE_STANDARD = "gnu++14";
				CLANG_CXX_LIBRARY = "libc++";
				CLANG_ENABLE_MODULES = YES;
				CLANG_ENABLE_OBJC_ARC = YES;
				CLANG_ENABLE_OBJC_WEAK = YES;
				CLANG_WARN_BLOCK_CAPTURE_AUTORELEASING = YES;
				CLANG_WARN_BOOL_CONVERSION = YES;
				CLANG_WARN_COMMA = YES;
				CLANG_WARN_CONSTANT_CONVERSION = YES;
				CLANG_WARN_DEPRECATED_OBJC_IMPLEMENTATIONS = YES;
				CLANG_WARN_DIRECT_OBJC_ISA_USAGE = YES_ERROR;
				CLANG_WARN_DOCUMENTATION_COMMENTS = YES;
				CLANG_WARN_EMPTY_BODY = YES;
				CLANG_WARN_ENUM_CONVERSION = YES;
				CLANG_WARN_INFINITE_RECURSION = YES;
				CLANG_WARN_INT_CONVERSION = YES;
				CLANG_WARN_NON_LITERAL_NULL_CONVERSION = YES;
				CLANG_WARN_OBJC_IMPLICIT_RETAIN_SELF = YES;
				CLANG_WARN_OBJC_LITERAL_CONVERSION = YES;
				CLANG_WARN_OBJC_ROOT_CLASS = YES_ERROR;
				CLANG_WARN_RANGE_LOOP_ANALYSIS = YES;
				CLANG_WARN_STRICT_PROTOTYPES = YES;
				CLANG_WARN_SUSPICIOUS_MOVE = YES;
				CLANG_WARN_UNGUARDED_AVAILABILITY = YES_AGGRESSIVE;
				CLANG_WARN_UNREACHABLE_CODE = YES;
				CLANG_WARN__DUPLICATE_METHOD_MATCH = YES;
				CODE_SIGN_IDENTITY = "iPhone Developer";
				COPY_PHASE_STRIP = NO;
				DEBUG_INFORMATION_FORMAT = dwarf;
				ENABLE_STRICT_OBJC_MSGSEND = YES;
				ENABLE_TESTABILITY = YES;
				GCC_C_LANGUAGE_STANDARD = gnu11;
				GCC_DYNAMIC_NO_PIC = NO;
				GCC_NO_COMMON_BLOCKS = YES;
				GCC_OPTIMIZATION_LEVEL = 0;
				GCC_PREPROCESSOR_DEFINITIONS = (
					"DEBUG=1",
					"$(inherited)",
				);
				GCC_WARN_64_TO_32_BIT_CONVERSION = YES;
				GCC_WARN_ABOUT_RETURN_TYPE = YES_ERROR;
				GCC_WARN_UNDECLARED_SELECTOR = YES;
				GCC_WARN_UNINITIALIZED_AUTOS = YES_AGGRESSIVE;
				GCC_WARN_UNUSED_FUNCTION = YES;
				GCC_WARN_UNUSED_VARIABLE = YES;
				IPHONEOS_DEPLOYMENT_TARGET = 10.0;
				MTL_ENABLE_DEBUG_INFO = YES;
				ONLY_ACTIVE_ARCH = YES;
				SDKROOT = iphoneos;
				SWIFT_ACTIVE_COMPILATION_CONDITIONS = DEBUG;
				SWIFT_OPTIMIZATION_LEVEL = "-Onone";
			};
			name = Debug;
		};
		B59F57FD2141C5320061BC48 /* Release */ = {
			isa = XCBuildConfiguration;
			buildSettings = {
				ALWAYS_SEARCH_USER_PATHS = NO;
				CLANG_ANALYZER_NONNULL = YES;
				CLANG_ANALYZER_NUMBER_OBJECT_CONVERSION = YES_AGGRESSIVE;
				CLANG_CXX_LANGUAGE_STANDARD = "gnu++14";
				CLANG_CXX_LIBRARY = "libc++";
				CLANG_ENABLE_MODULES = YES;
				CLANG_ENABLE_OBJC_ARC = YES;
				CLANG_ENABLE_OBJC_WEAK = YES;
				CLANG_WARN_BLOCK_CAPTURE_AUTORELEASING = YES;
				CLANG_WARN_BOOL_CONVERSION = YES;
				CLANG_WARN_COMMA = YES;
				CLANG_WARN_CONSTANT_CONVERSION = YES;
				CLANG_WARN_DEPRECATED_OBJC_IMPLEMENTATIONS = YES;
				CLANG_WARN_DIRECT_OBJC_ISA_USAGE = YES_ERROR;
				CLANG_WARN_DOCUMENTATION_COMMENTS = YES;
				CLANG_WARN_EMPTY_BODY = YES;
				CLANG_WARN_ENUM_CONVERSION = YES;
				CLANG_WARN_INFINITE_RECURSION = YES;
				CLANG_WARN_INT_CONVERSION = YES;
				CLANG_WARN_NON_LITERAL_NULL_CONVERSION = YES;
				CLANG_WARN_OBJC_IMPLICIT_RETAIN_SELF = YES;
				CLANG_WARN_OBJC_LITERAL_CONVERSION = YES;
				CLANG_WARN_OBJC_ROOT_CLASS = YES_ERROR;
				CLANG_WARN_RANGE_LOOP_ANALYSIS = YES;
				CLANG_WARN_STRICT_PROTOTYPES = YES;
				CLANG_WARN_SUSPICIOUS_MOVE = YES;
				CLANG_WARN_UNGUARDED_AVAILABILITY = YES_AGGRESSIVE;
				CLANG_WARN_UNREACHABLE_CODE = YES;
				CLANG_WARN__DUPLICATE_METHOD_MATCH = YES;
				CODE_SIGN_IDENTITY = "iPhone Developer";
				COPY_PHASE_STRIP = NO;
				DEBUG_INFORMATION_FORMAT = "dwarf-with-dsym";
				ENABLE_NS_ASSERTIONS = NO;
				ENABLE_STRICT_OBJC_MSGSEND = YES;
				GCC_C_LANGUAGE_STANDARD = gnu11;
				GCC_NO_COMMON_BLOCKS = YES;
				GCC_WARN_64_TO_32_BIT_CONVERSION = YES;
				GCC_WARN_ABOUT_RETURN_TYPE = YES_ERROR;
				GCC_WARN_UNDECLARED_SELECTOR = YES;
				GCC_WARN_UNINITIALIZED_AUTOS = YES_AGGRESSIVE;
				GCC_WARN_UNUSED_FUNCTION = YES;
				GCC_WARN_UNUSED_VARIABLE = YES;
				IPHONEOS_DEPLOYMENT_TARGET = 10.0;
				MTL_ENABLE_DEBUG_INFO = NO;
				SDKROOT = iphoneos;
				SWIFT_COMPILATION_MODE = wholemodule;
				SWIFT_OPTIMIZATION_LEVEL = "-O";
				VALIDATE_PRODUCT = YES;
			};
			name = Release;
		};
		B59F57FF2141C5320061BC48 /* Debug */ = {
			isa = XCBuildConfiguration;
			baseConfigurationReference = E510CE00B720578712D2865C /* Pods-TeamGenerator.debug.xcconfig */;
			buildSettings = {
				ASSETCATALOG_COMPILER_APPICON_NAME = AppIcon;
				CODE_SIGN_STYLE = Manual;
				DEVELOPMENT_TEAM = "";
				INFOPLIST_FILE = TeamGenerator/Info.plist;
				IPHONEOS_DEPLOYMENT_TARGET = 10.0;
				LD_RUNPATH_SEARCH_PATHS = (
					"$(inherited)",
					"@executable_path/Frameworks",
				);
				PRODUCT_BUNDLE_IDENTIFIER = com.leteamsoftware.TeamGenerator;
				PRODUCT_NAME = "$(TARGET_NAME)";
				PROVISIONING_PROFILE_SPECIFIER = "";
				SWIFT_VERSION = 4.2;
				TARGETED_DEVICE_FAMILY = "1,2";
			};
			name = Debug;
		};
		B59F58002141C5320061BC48 /* Release */ = {
			isa = XCBuildConfiguration;
			baseConfigurationReference = 31984F3A5D00E70DDFB77501 /* Pods-TeamGenerator.release.xcconfig */;
			buildSettings = {
				ASSETCATALOG_COMPILER_APPICON_NAME = AppIcon;
				CODE_SIGN_STYLE = Manual;
				DEVELOPMENT_TEAM = "";
				INFOPLIST_FILE = TeamGenerator/Info.plist;
				IPHONEOS_DEPLOYMENT_TARGET = 10.0;
				LD_RUNPATH_SEARCH_PATHS = (
					"$(inherited)",
					"@executable_path/Frameworks",
				);
				PRODUCT_BUNDLE_IDENTIFIER = com.leteamsoftware.TeamGenerator;
				PRODUCT_NAME = "$(TARGET_NAME)";
				PROVISIONING_PROFILE_SPECIFIER = "";
				SWIFT_VERSION = 4.2;
				TARGETED_DEVICE_FAMILY = "1,2";
			};
			name = Release;
		};
		B59F58022141C5320061BC48 /* Debug */ = {
			isa = XCBuildConfiguration;
			baseConfigurationReference = A1459E463D58B04B74537423 /* Pods-TeamGenerator-TeamGeneratorTests.debug.xcconfig */;
			buildSettings = {
				ALWAYS_EMBED_SWIFT_STANDARD_LIBRARIES = YES;
				BUNDLE_LOADER = "$(TEST_HOST)";
				CLANG_ENABLE_MODULES = YES;
				CODE_SIGN_STYLE = Manual;
				DEVELOPMENT_TEAM = "";
				INFOPLIST_FILE = TeamGeneratorTests/Info.plist;
				LD_RUNPATH_SEARCH_PATHS = (
					"$(inherited)",
					"@executable_path/Frameworks",
					"@loader_path/Frameworks",
				);
				PRODUCT_BUNDLE_IDENTIFIER = com.leteamsoftware.TeamGeneratorTests;
				PRODUCT_NAME = "$(TARGET_NAME)";
				PROVISIONING_PROFILE_SPECIFIER = "";
				SWIFT_OPTIMIZATION_LEVEL = "-Onone";
				SWIFT_VERSION = 4.2;
				TARGETED_DEVICE_FAMILY = "1,2";
				TEST_HOST = "$(BUILT_PRODUCTS_DIR)/TeamGenerator.app/TeamGenerator";
			};
			name = Debug;
		};
		B59F58032141C5320061BC48 /* Release */ = {
			isa = XCBuildConfiguration;
			baseConfigurationReference = 7EE7A593A1816BD8ECB0B179 /* Pods-TeamGenerator-TeamGeneratorTests.release.xcconfig */;
			buildSettings = {
				ALWAYS_EMBED_SWIFT_STANDARD_LIBRARIES = YES;
				BUNDLE_LOADER = "$(TEST_HOST)";
				CLANG_ENABLE_MODULES = YES;
				CODE_SIGN_STYLE = Manual;
				DEVELOPMENT_TEAM = "";
				INFOPLIST_FILE = TeamGeneratorTests/Info.plist;
				LD_RUNPATH_SEARCH_PATHS = (
					"$(inherited)",
					"@executable_path/Frameworks",
					"@loader_path/Frameworks",
				);
				PRODUCT_BUNDLE_IDENTIFIER = com.leteamsoftware.TeamGeneratorTests;
				PRODUCT_NAME = "$(TARGET_NAME)";
				PROVISIONING_PROFILE_SPECIFIER = "";
				SWIFT_VERSION = 4.2;
				TARGETED_DEVICE_FAMILY = "1,2";
				TEST_HOST = "$(BUILT_PRODUCTS_DIR)/TeamGenerator.app/TeamGenerator";
			};
			name = Release;
		};
		B59F58052141C5320061BC48 /* Debug */ = {
			isa = XCBuildConfiguration;
			baseConfigurationReference = D026638E1FB505F51D01BD91 /* Pods-TeamGenerator-TeamGeneratorUITests.debug.xcconfig */;
			buildSettings = {
				ALWAYS_EMBED_SWIFT_STANDARD_LIBRARIES = YES;
				CODE_SIGN_STYLE = Manual;
				DEVELOPMENT_TEAM = "";
				INFOPLIST_FILE = TeamGeneratorUITests/Info.plist;
				LD_RUNPATH_SEARCH_PATHS = (
					"$(inherited)",
					"@executable_path/Frameworks",
					"@loader_path/Frameworks",
				);
				PRODUCT_BUNDLE_IDENTIFIER = com.leteamsoftware.TeamGeneratorUITests;
				PRODUCT_NAME = "$(TARGET_NAME)";
				PROVISIONING_PROFILE_SPECIFIER = "";
				SWIFT_VERSION = 4.2;
				TARGETED_DEVICE_FAMILY = "1,2";
				TEST_TARGET_NAME = TeamGenerator;
			};
			name = Debug;
		};
		B59F58062141C5320061BC48 /* Release */ = {
			isa = XCBuildConfiguration;
			baseConfigurationReference = 56169F549CD8D5778CB681E4 /* Pods-TeamGenerator-TeamGeneratorUITests.release.xcconfig */;
			buildSettings = {
				ALWAYS_EMBED_SWIFT_STANDARD_LIBRARIES = YES;
				CODE_SIGN_STYLE = Manual;
				DEVELOPMENT_TEAM = "";
				INFOPLIST_FILE = TeamGeneratorUITests/Info.plist;
				LD_RUNPATH_SEARCH_PATHS = (
					"$(inherited)",
					"@executable_path/Frameworks",
					"@loader_path/Frameworks",
				);
				PRODUCT_BUNDLE_IDENTIFIER = com.leteamsoftware.TeamGeneratorUITests;
				PRODUCT_NAME = "$(TARGET_NAME)";
				PROVISIONING_PROFILE_SPECIFIER = "";
				SWIFT_VERSION = 4.2;
				TARGETED_DEVICE_FAMILY = "1,2";
				TEST_TARGET_NAME = TeamGenerator;
			};
			name = Release;
		};
/* End XCBuildConfiguration section */

/* Begin XCConfigurationList section */
		B59F57CF2141C5300061BC48 /* Build configuration list for PBXProject "TeamGenerator" */ = {
			isa = XCConfigurationList;
			buildConfigurations = (
				B59F57FC2141C5320061BC48 /* Debug */,
				B59F57FD2141C5320061BC48 /* Release */,
			);
			defaultConfigurationIsVisible = 0;
			defaultConfigurationName = Release;
		};
		B59F57FE2141C5320061BC48 /* Build configuration list for PBXNativeTarget "TeamGenerator" */ = {
			isa = XCConfigurationList;
			buildConfigurations = (
				B59F57FF2141C5320061BC48 /* Debug */,
				B59F58002141C5320061BC48 /* Release */,
			);
			defaultConfigurationIsVisible = 0;
			defaultConfigurationName = Release;
		};
		B59F58012141C5320061BC48 /* Build configuration list for PBXNativeTarget "TeamGeneratorTests" */ = {
			isa = XCConfigurationList;
			buildConfigurations = (
				B59F58022141C5320061BC48 /* Debug */,
				B59F58032141C5320061BC48 /* Release */,
			);
			defaultConfigurationIsVisible = 0;
			defaultConfigurationName = Release;
		};
		B59F58042141C5320061BC48 /* Build configuration list for PBXNativeTarget "TeamGeneratorUITests" */ = {
			isa = XCConfigurationList;
			buildConfigurations = (
				B59F58052141C5320061BC48 /* Debug */,
				B59F58062141C5320061BC48 /* Release */,
			);
			defaultConfigurationIsVisible = 0;
			defaultConfigurationName = Release;
		};
/* End XCConfigurationList section */
	};
	rootObject = B59F57CC2141C5300061BC48 /* Project object */;
}
